{
  "object": {
    "pins": [
      {
        "package": "Marquee",
        "repositoryURL": "https://github.com/SwiftUIKit/Marquee",
        "state": {
          "branch": null,
          "revision": "69d7b7c6c34ed41d9299cfa8406f91f529c4fef3",
          "version": "0.3.0"
        }
      },
      {
        "package": "SDWebImage",
        "repositoryURL": "https://github.com/SDWebImage/SDWebImage.git",
        "state": {
          "branch": null,
          "revision": "2c53f531f1bedd253f55d85105409c28ed4a922c",
          "version": "5.12.3"
        }
      },
      {
        "package": "SDWebImageSwiftUI",
        "repositoryURL": "https://github.com/SDWebImage/SDWebImageSwiftUI",
        "state": {
          "branch": null,
          "revision": "cd8625b7cf11a97698e180d28bb7d5d357196678",
          "version": "2.0.2"
        }
      }
    ]
  },
  "version": 1
}
